
Microsoft Visual Studio Solution File, Format Version 12.00
# Visual Studio Version 16
VisualStudioVersion = 16.0.31321.278
MinimumVisualStudioVersion = 10.0.40219.1
Project("{9A19103F-16F7-4668-BE54-9A1E7A4F7556}") = "ItogovProject_M15", "ItogovProject_M15\ItogovProject_M15.csproj", "{002FD483-AD30-485A-9C86-A74EEF4EB00E}"
EndProject
Global
	GlobalSection(SolutionConfigurationPlatforms) = preSolution
		Debug|Any CPU = Debug|Any CPU
		Release|Any CPU = Release|Any CPU
	EndGlobalSection
	GlobalSection(ProjectConfigurationPlatforms) = postSolution
		{002FD483-AD30-485A-9C86-A74EEF4EB00E}.Debug|Any CPU.ActiveCfg = Debug|Any CPU
		{002FD483-AD30-485A-9C86-A74EEF4EB00E}.Debug|Any CPU.Build.0 = Debug|Any CPU
		{002FD483-AD30-485A-9C86-A74EEF4EB00E}.Release|Any CPU.ActiveCfg = Release|Any CPU
		{002FD483-AD30-485A-9C86-A74EEF4EB00E}.Release|Any CPU.Build.0 = Release|Any CPU
	EndGlobalSection
	GlobalSection(SolutionProperties) = preSolution
		HideSolutionNode = FALSE
	EndGlobalSection
	GlobalSection(ExtensibilityGlobals) = postSolution
		SolutionGuid = {F300D1D1-EF60-4379-B565-9FD9D62E3616}
	EndGlobalSection
EndGlobal
